
Microsoft Visual Studio Solution File, Format Version 12.00
# Visual Studio Version 16
VisualStudioVersion = 16.0.31410.357
MinimumVisualStudioVersion = 10.0.40219.1
Project("{9A19103F-16F7-4668-BE54-9A1E7A4F7556}") = "SteamManager.UI", "Steam Manager\SteamManager.UI.csproj", "{F5F44B26-246E-4B23-9D7B-3C2796153420}"
EndProject
Project("{9A19103F-16F7-4668-BE54-9A1E7A4F7556}") = "SteamManager.Infrastructure", "SteamManager.Infrastructure\SteamManager.Infrastructure.csproj", "{C2D8F42C-A356-434A-9216-A3EED6D3DC78}"
EndProject
Project("{FAE04EC0-301F-11D3-BF4B-00C04F79EFBC}") = "SteamManager.Application", "Domain\SteamManager.Application.csproj", "{C1C46545-E242-4271-A3DB-08D9F8203191}"
EndProject
Global
	GlobalSection(SolutionConfigurationPlatforms) = preSolution
		Debug|Any CPU = Debug|Any CPU
		Release|Any CPU = Release|Any CPU
	EndGlobalSection
	GlobalSection(ProjectConfigurationPlatforms) = postSolution
		{F5F44B26-246E-4B23-9D7B-3C2796153420}.Debug|Any CPU.ActiveCfg = Debug|Any CPU
		{F5F44B26-246E-4B23-9D7B-3C2796153420}.Debug|Any CPU.Build.0 = Debug|Any CPU
		{F5F44B26-246E-4B23-9D7B-3C2796153420}.Release|Any CPU.ActiveCfg = Release|Any CPU
		{F5F44B26-246E-4B23-9D7B-3C2796153420}.Release|Any CPU.Build.0 = Release|Any CPU
		{C2D8F42C-A356-434A-9216-A3EED6D3DC78}.Debug|Any CPU.ActiveCfg = Debug|Any CPU
		{C2D8F42C-A356-434A-9216-A3EED6D3DC78}.Debug|Any CPU.Build.0 = Debug|Any CPU
		{C2D8F42C-A356-434A-9216-A3EED6D3DC78}.Release|Any CPU.ActiveCfg = Release|Any CPU
		{C2D8F42C-A356-434A-9216-A3EED6D3DC78}.Release|Any CPU.Build.0 = Release|Any CPU
		{C1C46545-E242-4271-A3DB-08D9F8203191}.Debug|Any CPU.ActiveCfg = Debug|Any CPU
		{C1C46545-E242-4271-A3DB-08D9F8203191}.Debug|Any CPU.Build.0 = Debug|Any CPU
		{C1C46545-E242-4271-A3DB-08D9F8203191}.Release|Any CPU.ActiveCfg = Release|Any CPU
		{C1C46545-E242-4271-A3DB-08D9F8203191}.Release|Any CPU.Build.0 = Release|Any CPU
	EndGlobalSection
	GlobalSection(SolutionProperties) = preSolution
		HideSolutionNode = FALSE
	EndGlobalSection
	GlobalSection(ExtensibilityGlobals) = postSolution
		SolutionGuid = {6B606310-9163-438B-8CF4-7203CAABF62A}
	EndGlobalSection
EndGlobal
